
Microsoft Visual Studio Solution File, Format Version 12.00
# Visual Studio Version 17
VisualStudioVersion = 17.5.33530.505
MinimumVisualStudioVersion = 10.0.40219.1
Project("{FAE04EC0-301F-11D3-BF4B-00C04F79EFBC}") = "Hue-Festival-API", "Hue-Festival-API\Hue-Festival-API.csproj", "{164E3B4F-6928-4722-B6B7-DB62EAC3204A}"
EndProject
Global
	GlobalSection(SolutionConfigurationPlatforms) = preSolution
		Debug|Any CPU = Debug|Any CPU
		Release|Any CPU = Release|Any CPU
	EndGlobalSection
	GlobalSection(ProjectConfigurationPlatforms) = postSolution
		{164E3B4F-6928-4722-B6B7-DB62EAC3204A}.Debug|Any CPU.ActiveCfg = Debug|Any CPU
		{164E3B4F-6928-4722-B6B7-DB62EAC3204A}.Debug|Any CPU.Build.0 = Debug|Any CPU
		{164E3B4F-6928-4722-B6B7-DB62EAC3204A}.Release|Any CPU.ActiveCfg = Release|Any CPU
		{164E3B4F-6928-4722-B6B7-DB62EAC3204A}.Release|Any CPU.Build.0 = Release|Any CPU
	EndGlobalSection
	GlobalSection(SolutionProperties) = preSolution
		HideSolutionNode = FALSE
	EndGlobalSection
	GlobalSection(ExtensibilityGlobals) = postSolution
		SolutionGuid = {1444033D-43F9-4E28-8B41-4FAA52A90C29}
	EndGlobalSection
EndGlobal
