
Microsoft Visual Studio Solution File, Format Version 12.00
# Visual Studio Version 17
VisualStudioVersion = 17.4.33205.214
MinimumVisualStudioVersion = 10.0.40219.1
Project("{9A19103F-16F7-4668-BE54-9A1E7A4F7556}") = "HueFestival-API", "HueFestival-OnlineTicket\HueFestival-API.csproj", "{C277162F-DCAA-4B26-800A-317C4C6537BE}"
EndProject
Global
	GlobalSection(SolutionConfigurationPlatforms) = preSolution
		Debug|Any CPU = Debug|Any CPU
		Release|Any CPU = Release|Any CPU
	EndGlobalSection
	GlobalSection(ProjectConfigurationPlatforms) = postSolution
		{C277162F-DCAA-4B26-800A-317C4C6537BE}.Debug|Any CPU.ActiveCfg = Debug|Any CPU
		{C277162F-DCAA-4B26-800A-317C4C6537BE}.Debug|Any CPU.Build.0 = Debug|Any CPU
		{C277162F-DCAA-4B26-800A-317C4C6537BE}.Release|Any CPU.ActiveCfg = Release|Any CPU
		{C277162F-DCAA-4B26-800A-317C4C6537BE}.Release|Any CPU.Build.0 = Release|Any CPU
	EndGlobalSection
	GlobalSection(SolutionProperties) = preSolution
		HideSolutionNode = FALSE
	EndGlobalSection
	GlobalSection(ExtensibilityGlobals) = postSolution
		SolutionGuid = {08B5AAEB-B5DF-4FA1-B84A-E7E8183429BB}
	EndGlobalSection
EndGlobal
